
Microsoft Visual Studio Solution File, Format Version 12.00
# Visual Studio Version 17
VisualStudioVersion = 17.3.32825.248
MinimumVisualStudioVersion = 10.0.40219.1
Project("{9A19103F-16F7-4668-BE54-9A1E7A4F7556}") = "TestWebApp", "WebApplication6\TestWebApp.csproj", "{9081AEE6-9A5B-4274-8639-8C480E99381E}"
EndProject
Project("{9A19103F-16F7-4668-BE54-9A1E7A4F7556}") = "TestWebApp.Website", "TestWebApp.Website\TestWebApp.Website.csproj", "{94A744C6-B3A8-48BB-A5D8-AC65C543A3A8}"
EndProject
Project("{9A19103F-16F7-4668-BE54-9A1E7A4F7556}") = "TestWebApp.AuthenticationAuthorization", "TestWebApp.AuthenticationAuthorization\TestWebApp.AuthenticationAuthorization.csproj", "{96186B52-6D65-451A-990E-1A6BDC8C1C27}"
EndProject
Project("{9A19103F-16F7-4668-BE54-9A1E7A4F7556}") = "TestWebApp.Identity", "TestWebApp.Identity\TestWebApp.Identity.csproj", "{1BE28F03-3800-45DF-96A4-BE9E0B635DE2}"
EndProject
Project("{9A19103F-16F7-4668-BE54-9A1E7A4F7556}") = "TestWebApp.DotNetNote", "TestWebApp.DotNetNote\TestWebApp.DotNetNote.csproj", "{2872E74D-9FB3-4517-B0AC-A656FAB32F43}"
EndProject
Project("{9A19103F-16F7-4668-BE54-9A1E7A4F7556}") = "TestWebApp.NoticBoard", "TestWebApp.NoticBoard\TestWebApp.NoticBoard.csproj", "{16B5EF59-447C-4C51-AD7C-036A65EC06E9}"
EndProject
Project("{9A19103F-16F7-4668-BE54-9A1E7A4F7556}") = "TestWebApp.DotNetSale", "TestWebApp.DotNetSale\TestWebApp.DotNetSale.csproj", "{7A626A61-74B6-4379-A897-D39BE57C92B3}"
EndProject
Project("{00D1A9C2-B5F0-4AF3-8072-F6C62B433612}") = "TestWebApp.Database", "TestWebApp.Database\TestWebApp.Database.sqlproj", "{E658BC08-327A-4C73-8458-C5D4AC541E07}"
EndProject
Project("{9A19103F-16F7-4668-BE54-9A1E7A4F7556}") = "TestWebApp.RazorEngineCore", "TestWebApp.RazorEngineCore\TestWebApp.RazorEngineCore.csproj", "{EE3C8881-7675-4253-BB63-032E7779AC45}"
EndProject
Project("{FAE04EC0-301F-11D3-BF4B-00C04F79EFBC}") = "TestWebApp.DevExtreme", "TestWebApp.DevExtreme\TestWebApp.DevExtreme.csproj", "{D6D398F8-F80B-4FD5-B55A-4EBA36226E0A}"
EndProject
Project("{2150E333-8FDC-42A3-9474-1A3956D46DE8}") = "DevExtreme NuGet.config", "DevExtreme NuGet.config", "{FC4BF1C0-1F4A-483D-AFB1-6B4DF025BD32}"
	ProjectSection(SolutionItems) = preProject
		NuGet.config = NuGet.config
	EndProjectSection
EndProject
Global
	GlobalSection(SolutionConfigurationPlatforms) = preSolution
		Debug|Any CPU = Debug|Any CPU
		Release|Any CPU = Release|Any CPU
	EndGlobalSection
	GlobalSection(ProjectConfigurationPlatforms) = postSolution
		{9081AEE6-9A5B-4274-8639-8C480E99381E}.Debug|Any CPU.ActiveCfg = Debug|Any CPU
		{9081AEE6-9A5B-4274-8639-8C480E99381E}.Debug|Any CPU.Build.0 = Debug|Any CPU
		{9081AEE6-9A5B-4274-8639-8C480E99381E}.Release|Any CPU.ActiveCfg = Release|Any CPU
		{9081AEE6-9A5B-4274-8639-8C480E99381E}.Release|Any CPU.Build.0 = Release|Any CPU
		{94A744C6-B3A8-48BB-A5D8-AC65C543A3A8}.Debug|Any CPU.ActiveCfg = Debug|Any CPU
		{94A744C6-B3A8-48BB-A5D8-AC65C543A3A8}.Debug|Any CPU.Build.0 = Debug|Any CPU
		{94A744C6-B3A8-48BB-A5D8-AC65C543A3A8}.Release|Any CPU.ActiveCfg = Release|Any CPU
		{94A744C6-B3A8-48BB-A5D8-AC65C543A3A8}.Release|Any CPU.Build.0 = Release|Any CPU
		{96186B52-6D65-451A-990E-1A6BDC8C1C27}.Debug|Any CPU.ActiveCfg = Debug|Any CPU
		{96186B52-6D65-451A-990E-1A6BDC8C1C27}.Debug|Any CPU.Build.0 = Debug|Any CPU
		{96186B52-6D65-451A-990E-1A6BDC8C1C27}.Release|Any CPU.ActiveCfg = Release|Any CPU
		{96186B52-6D65-451A-990E-1A6BDC8C1C27}.Release|Any CPU.Build.0 = Release|Any CPU
		{1BE28F03-3800-45DF-96A4-BE9E0B635DE2}.Debug|Any CPU.ActiveCfg = Debug|Any CPU
		{1BE28F03-3800-45DF-96A4-BE9E0B635DE2}.Debug|Any CPU.Build.0 = Debug|Any CPU
		{1BE28F03-3800-45DF-96A4-BE9E0B635DE2}.Release|Any CPU.ActiveCfg = Release|Any CPU
		{1BE28F03-3800-45DF-96A4-BE9E0B635DE2}.Release|Any CPU.Build.0 = Release|Any CPU
		{2872E74D-9FB3-4517-B0AC-A656FAB32F43}.Debug|Any CPU.ActiveCfg = Debug|Any CPU
		{2872E74D-9FB3-4517-B0AC-A656FAB32F43}.Debug|Any CPU.Build.0 = Debug|Any CPU
		{2872E74D-9FB3-4517-B0AC-A656FAB32F43}.Release|Any CPU.ActiveCfg = Release|Any CPU
		{2872E74D-9FB3-4517-B0AC-A656FAB32F43}.Release|Any CPU.Build.0 = Release|Any CPU
		{16B5EF59-447C-4C51-AD7C-036A65EC06E9}.Debug|Any CPU.ActiveCfg = Debug|Any CPU
		{16B5EF59-447C-4C51-AD7C-036A65EC06E9}.Debug|Any CPU.Build.0 = Debug|Any CPU
		{16B5EF59-447C-4C51-AD7C-036A65EC06E9}.Release|Any CPU.ActiveCfg = Release|Any CPU
		{16B5EF59-447C-4C51-AD7C-036A65EC06E9}.Release|Any CPU.Build.0 = Release|Any CPU
		{7A626A61-74B6-4379-A897-D39BE57C92B3}.Debug|Any CPU.ActiveCfg = Debug|Any CPU
		{7A626A61-74B6-4379-A897-D39BE57C92B3}.Debug|Any CPU.Build.0 = Debug|Any CPU
		{7A626A61-74B6-4379-A897-D39BE57C92B3}.Release|Any CPU.ActiveCfg = Release|Any CPU
		{7A626A61-74B6-4379-A897-D39BE57C92B3}.Release|Any CPU.Build.0 = Release|Any CPU
		{E658BC08-327A-4C73-8458-C5D4AC541E07}.Debug|Any CPU.ActiveCfg = Debug|Any CPU
		{E658BC08-327A-4C73-8458-C5D4AC541E07}.Debug|Any CPU.Build.0 = Debug|Any CPU
		{E658BC08-327A-4C73-8458-C5D4AC541E07}.Debug|Any CPU.Deploy.0 = Debug|Any CPU
		{E658BC08-327A-4C73-8458-C5D4AC541E07}.Release|Any CPU.ActiveCfg = Release|Any CPU
		{E658BC08-327A-4C73-8458-C5D4AC541E07}.Release|Any CPU.Build.0 = Release|Any CPU
		{E658BC08-327A-4C73-8458-C5D4AC541E07}.Release|Any CPU.Deploy.0 = Release|Any CPU
		{EE3C8881-7675-4253-BB63-032E7779AC45}.Debug|Any CPU.ActiveCfg = Debug|Any CPU
		{EE3C8881-7675-4253-BB63-032E7779AC45}.Debug|Any CPU.Build.0 = Debug|Any CPU
		{EE3C8881-7675-4253-BB63-032E7779AC45}.Release|Any CPU.ActiveCfg = Release|Any CPU
		{EE3C8881-7675-4253-BB63-032E7779AC45}.Release|Any CPU.Build.0 = Release|Any CPU
		{D6D398F8-F80B-4FD5-B55A-4EBA36226E0A}.Debug|Any CPU.ActiveCfg = Debug|Any CPU
		{D6D398F8-F80B-4FD5-B55A-4EBA36226E0A}.Debug|Any CPU.Build.0 = Debug|Any CPU
		{D6D398F8-F80B-4FD5-B55A-4EBA36226E0A}.Release|Any CPU.ActiveCfg = Release|Any CPU
		{D6D398F8-F80B-4FD5-B55A-4EBA36226E0A}.Release|Any CPU.Build.0 = Release|Any CPU
	EndGlobalSection
	GlobalSection(SolutionProperties) = preSolution
		HideSolutionNode = FALSE
	EndGlobalSection
	GlobalSection(ExtensibilityGlobals) = postSolution
		SolutionGuid = {8679F287-26E4-4ED6-9EA3-50CAA0A71CF4}
	EndGlobalSection
EndGlobal
