
Microsoft Visual Studio Solution File, Format Version 12.00
# Visual Studio Version 17
VisualStudioVersion = 17.3.32825.248
MinimumVisualStudioVersion = 10.0.40219.1
Project("{9A19103F-16F7-4668-BE54-9A1E7A4F7556}") = "TestWebApp", "WebApplication6\TestWebApp.csproj", "{9081AEE6-9A5B-4274-8639-8C480E99381E}"
EndProject
Project("{9A19103F-16F7-4668-BE54-9A1E7A4F7556}") = "TestWebApp.Website", "TestWebApp.Website\TestWebApp.Website.csproj", "{94A744C6-B3A8-48BB-A5D8-AC65C543A3A8}"
EndProject
Project("{9A19103F-16F7-4668-BE54-9A1E7A4F7556}") = "TestWebApp.AuthenticationAuthorization", "TestWebApp.AuthenticationAuthorization\TestWebApp.AuthenticationAuthorization.csproj", "{96186B52-6D65-451A-990E-1A6BDC8C1C27}"
EndProject
Project("{9A19103F-16F7-4668-BE54-9A1E7A4F7556}") = "TestWebApp.Identity", "TestWebApp.Identity\TestWebApp.Identity.csproj", "{1BE28F03-3800-45DF-96A4-BE9E0B635DE2}"
EndProject
Project("{9A19103F-16F7-4668-BE54-9A1E7A4F7556}") = "TestWebApp.DotNetNote", "TestWebApp.DotNetNote\TestWebApp.DotNetNote.csproj", "{2872E74D-9FB3-4517-B0AC-A656FAB32F43}"
EndProject
Project("{9A19103F-16F7-4668-BE54-9A1E7A4F7556}") = "TestWebApp.NoticBoard", "TestWebApp.NoticBoard\TestWebApp.NoticBoard.csproj", "{16B5EF59-447C-4C51-AD7C-036A65EC06E9}"
EndProject
Project("{9A19103F-16F7-4668-BE54-9A1E7A4F7556}") = "TestWebApp.DotNetSale", "TestWebApp.DotNetSale\TestWebApp.DotNetSale.csproj", "{7A626A61-74B6-4379-A897-D39BE57C92B3}"
EndProject
Project("{00D1A9C2-B5F0-4AF3-8072-F6C62B433612}") = "TestWebApp.Database", "TestWebApp.Database\TestWebApp.Database.sqlproj", "{E658BC08-327A-4C73-8458-C5D4AC541E07}"
EndProject
Project("{9A19103F-16F7-4668-BE54-9A1E7A4F7556}") = "TestWebApp.RazorEngineCore", "TestWebApp.RazorEngineCore\TestWebApp.RazorEngineCore.csproj", "{EE3C8881-7675-4253-BB63-032E7779AC45}"
EndProject
Project("{9A19103F-16F7-4668-BE54-9A1E7A4F7556}") = "TestWebApp.DevExtreme", "TestWebApp.DevExtreme\TestWebApp.DevExtreme.csproj", "{D6D398F8-F80B-4FD5-B55A-4EBA36226E0A}"
EndProject
Project("{2150E333-8FDC-42A3-9474-1A3956D46DE8}") = "DevExtreme NuGet.config", "DevExtreme NuGet.config", "{FC4BF1C0-1F4A-483D-AFB1-6B4DF025BD32}"
	ProjectSection(SolutionItems) = preProject
		NuGet.config = NuGet.config
	EndProjectSection
EndProject
Project("{2150E333-8FDC-42A3-9474-1A3956D46DE8}") = "EALayer", "EALayer", "{A983FF34-8B99-4B4A-B1D3-08985BE0634A}"
EndProject
Project("{2150E333-8FDC-42A3-9474-1A3956D46DE8}") = "BusinessLogicLayer", "BusinessLogicLayer", "{A98FD113-1E24-4D07-806F-A07E57B2D435}"
EndProject
Project("{2150E333-8FDC-42A3-9474-1A3956D46DE8}") = "Common", "Common", "{ED6B939A-4553-49DE-AAE5-586498BF2A52}"
EndProject
Project("{2150E333-8FDC-42A3-9474-1A3956D46DE8}") = "DataAccessLayer", "DataAccessLayer", "{D5AEA214-EA84-4180-AACA-BEC5D41BF5B0}"
EndProject
Project("{9A19103F-16F7-4668-BE54-9A1E7A4F7556}") = "Note.Model", "Note.Model\Note.Model.csproj", "{EF153C38-B878-407D-B0D2-05E0F7BE9DF3}"
EndProject
Project("{9A19103F-16F7-4668-BE54-9A1E7A4F7556}") = "Note.DAL.MSSQL", "Note.DAL.MSSQL\Note.DAL.MSSQL.csproj", "{92DFD8DA-93E7-4D2B-ACF3-28831E715233}"
EndProject
Project("{9A19103F-16F7-4668-BE54-9A1E7A4F7556}") = "Note.IDAL", "Note.IDAL\Note.IDAL.csproj", "{0FEE1723-8A7D-40B6-9098-CA59B72E0544}"
EndProject
Project("{9A19103F-16F7-4668-BE54-9A1E7A4F7556}") = "Note.Oracle.DAL", "Note.Oracle.DAL\Note.Oracle.DAL.csproj", "{EE57AEEC-E22C-4315-A78D-93B543111E53}"
EndProject
Project("{9A19103F-16F7-4668-BE54-9A1E7A4F7556}") = "Note.BLL", "Note.BLL\Note.BLL.csproj", "{853C6EF5-8ACD-40BB-A703-00E8403005BE}"
EndProject
Project("{2150E333-8FDC-42A3-9474-1A3956D46DE8}") = "PresentationLayer", "PresentationLayer", "{101CA5F8-C39E-4D20-8BDA-89F592FA46B1}"
EndProject
Project("{9A19103F-16F7-4668-BE54-9A1E7A4F7556}") = "Note.MVC", "Note.MVC\Note.MVC.csproj", "{6CD08247-691C-4A2D-A576-B57A774835C9}"
EndProject
Project("{9A19103F-16F7-4668-BE54-9A1E7A4F7556}") = "TestWebApp.DXWebApplication", "TestWebApp.DXWebApplication\TestWebApp.DXWebApplication.csproj", "{3FF96C5A-6139-4D6B-91D1-B24D4EC11F62}"
EndProject
Project("{9A19103F-16F7-4668-BE54-9A1E7A4F7556}") = "TestWebApp.WebApi", "TestWebApp.WebApi\TestWebApp.WebApi.csproj", "{CD56BE5D-BFC7-4559-B6C2-4B2E29A680CE}"
EndProject
Project("{FAE04EC0-301F-11D3-BF4B-00C04F79EFBC}") = "TestWepApp.BlazorApp", "TestWepApp.BlazorApp\TestWepApp.BlazorApp.csproj", "{98964954-C8A2-4F2D-88D3-426077A99249}"
EndProject
Global
	GlobalSection(SolutionConfigurationPlatforms) = preSolution
		Debug|Any CPU = Debug|Any CPU
		Release|Any CPU = Release|Any CPU
	EndGlobalSection
	GlobalSection(ProjectConfigurationPlatforms) = postSolution
		{9081AEE6-9A5B-4274-8639-8C480E99381E}.Debug|Any CPU.ActiveCfg = Debug|Any CPU
		{9081AEE6-9A5B-4274-8639-8C480E99381E}.Debug|Any CPU.Build.0 = Debug|Any CPU
		{9081AEE6-9A5B-4274-8639-8C480E99381E}.Release|Any CPU.ActiveCfg = Release|Any CPU
		{9081AEE6-9A5B-4274-8639-8C480E99381E}.Release|Any CPU.Build.0 = Release|Any CPU
		{94A744C6-B3A8-48BB-A5D8-AC65C543A3A8}.Debug|Any CPU.ActiveCfg = Debug|Any CPU
		{94A744C6-B3A8-48BB-A5D8-AC65C543A3A8}.Debug|Any CPU.Build.0 = Debug|Any CPU
		{94A744C6-B3A8-48BB-A5D8-AC65C543A3A8}.Release|Any CPU.ActiveCfg = Release|Any CPU
		{94A744C6-B3A8-48BB-A5D8-AC65C543A3A8}.Release|Any CPU.Build.0 = Release|Any CPU
		{96186B52-6D65-451A-990E-1A6BDC8C1C27}.Debug|Any CPU.ActiveCfg = Debug|Any CPU
		{96186B52-6D65-451A-990E-1A6BDC8C1C27}.Debug|Any CPU.Build.0 = Debug|Any CPU
		{96186B52-6D65-451A-990E-1A6BDC8C1C27}.Release|Any CPU.ActiveCfg = Release|Any CPU
		{96186B52-6D65-451A-990E-1A6BDC8C1C27}.Release|Any CPU.Build.0 = Release|Any CPU
		{1BE28F03-3800-45DF-96A4-BE9E0B635DE2}.Debug|Any CPU.ActiveCfg = Debug|Any CPU
		{1BE28F03-3800-45DF-96A4-BE9E0B635DE2}.Debug|Any CPU.Build.0 = Debug|Any CPU
		{1BE28F03-3800-45DF-96A4-BE9E0B635DE2}.Release|Any CPU.ActiveCfg = Release|Any CPU
		{1BE28F03-3800-45DF-96A4-BE9E0B635DE2}.Release|Any CPU.Build.0 = Release|Any CPU
		{2872E74D-9FB3-4517-B0AC-A656FAB32F43}.Debug|Any CPU.ActiveCfg = Debug|Any CPU
		{2872E74D-9FB3-4517-B0AC-A656FAB32F43}.Debug|Any CPU.Build.0 = Debug|Any CPU
		{2872E74D-9FB3-4517-B0AC-A656FAB32F43}.Release|Any CPU.ActiveCfg = Release|Any CPU
		{2872E74D-9FB3-4517-B0AC-A656FAB32F43}.Release|Any CPU.Build.0 = Release|Any CPU
		{16B5EF59-447C-4C51-AD7C-036A65EC06E9}.Debug|Any CPU.ActiveCfg = Debug|Any CPU
		{16B5EF59-447C-4C51-AD7C-036A65EC06E9}.Debug|Any CPU.Build.0 = Debug|Any CPU
		{16B5EF59-447C-4C51-AD7C-036A65EC06E9}.Release|Any CPU.ActiveCfg = Release|Any CPU
		{16B5EF59-447C-4C51-AD7C-036A65EC06E9}.Release|Any CPU.Build.0 = Release|Any CPU
		{7A626A61-74B6-4379-A897-D39BE57C92B3}.Debug|Any CPU.ActiveCfg = Debug|Any CPU
		{7A626A61-74B6-4379-A897-D39BE57C92B3}.Debug|Any CPU.Build.0 = Debug|Any CPU
		{7A626A61-74B6-4379-A897-D39BE57C92B3}.Release|Any CPU.ActiveCfg = Release|Any CPU
		{7A626A61-74B6-4379-A897-D39BE57C92B3}.Release|Any CPU.Build.0 = Release|Any CPU
		{E658BC08-327A-4C73-8458-C5D4AC541E07}.Debug|Any CPU.ActiveCfg = Debug|Any CPU
		{E658BC08-327A-4C73-8458-C5D4AC541E07}.Debug|Any CPU.Build.0 = Debug|Any CPU
		{E658BC08-327A-4C73-8458-C5D4AC541E07}.Debug|Any CPU.Deploy.0 = Debug|Any CPU
		{E658BC08-327A-4C73-8458-C5D4AC541E07}.Release|Any CPU.ActiveCfg = Release|Any CPU
		{E658BC08-327A-4C73-8458-C5D4AC541E07}.Release|Any CPU.Build.0 = Release|Any CPU
		{E658BC08-327A-4C73-8458-C5D4AC541E07}.Release|Any CPU.Deploy.0 = Release|Any CPU
		{EE3C8881-7675-4253-BB63-032E7779AC45}.Debug|Any CPU.ActiveCfg = Debug|Any CPU
		{EE3C8881-7675-4253-BB63-032E7779AC45}.Debug|Any CPU.Build.0 = Debug|Any CPU
		{EE3C8881-7675-4253-BB63-032E7779AC45}.Release|Any CPU.ActiveCfg = Release|Any CPU
		{EE3C8881-7675-4253-BB63-032E7779AC45}.Release|Any CPU.Build.0 = Release|Any CPU
		{D6D398F8-F80B-4FD5-B55A-4EBA36226E0A}.Debug|Any CPU.ActiveCfg = Debug|Any CPU
		{D6D398F8-F80B-4FD5-B55A-4EBA36226E0A}.Debug|Any CPU.Build.0 = Debug|Any CPU
		{D6D398F8-F80B-4FD5-B55A-4EBA36226E0A}.Release|Any CPU.ActiveCfg = Release|Any CPU
		{D6D398F8-F80B-4FD5-B55A-4EBA36226E0A}.Release|Any CPU.Build.0 = Release|Any CPU
		{EF153C38-B878-407D-B0D2-05E0F7BE9DF3}.Debug|Any CPU.ActiveCfg = Debug|Any CPU
		{EF153C38-B878-407D-B0D2-05E0F7BE9DF3}.Debug|Any CPU.Build.0 = Debug|Any CPU
		{EF153C38-B878-407D-B0D2-05E0F7BE9DF3}.Release|Any CPU.ActiveCfg = Release|Any CPU
		{EF153C38-B878-407D-B0D2-05E0F7BE9DF3}.Release|Any CPU.Build.0 = Release|Any CPU
		{92DFD8DA-93E7-4D2B-ACF3-28831E715233}.Debug|Any CPU.ActiveCfg = Debug|Any CPU
		{92DFD8DA-93E7-4D2B-ACF3-28831E715233}.Debug|Any CPU.Build.0 = Debug|Any CPU
		{92DFD8DA-93E7-4D2B-ACF3-28831E715233}.Release|Any CPU.ActiveCfg = Release|Any CPU
		{92DFD8DA-93E7-4D2B-ACF3-28831E715233}.Release|Any CPU.Build.0 = Release|Any CPU
		{0FEE1723-8A7D-40B6-9098-CA59B72E0544}.Debug|Any CPU.ActiveCfg = Debug|Any CPU
		{0FEE1723-8A7D-40B6-9098-CA59B72E0544}.Debug|Any CPU.Build.0 = Debug|Any CPU
		{0FEE1723-8A7D-40B6-9098-CA59B72E0544}.Release|Any CPU.ActiveCfg = Release|Any CPU
		{0FEE1723-8A7D-40B6-9098-CA59B72E0544}.Release|Any CPU.Build.0 = Release|Any CPU
		{EE57AEEC-E22C-4315-A78D-93B543111E53}.Debug|Any CPU.ActiveCfg = Debug|Any CPU
		{EE57AEEC-E22C-4315-A78D-93B543111E53}.Debug|Any CPU.Build.0 = Debug|Any CPU
		{EE57AEEC-E22C-4315-A78D-93B543111E53}.Release|Any CPU.ActiveCfg = Release|Any CPU
		{EE57AEEC-E22C-4315-A78D-93B543111E53}.Release|Any CPU.Build.0 = Release|Any CPU
		{853C6EF5-8ACD-40BB-A703-00E8403005BE}.Debug|Any CPU.ActiveCfg = Debug|Any CPU
		{853C6EF5-8ACD-40BB-A703-00E8403005BE}.Debug|Any CPU.Build.0 = Debug|Any CPU
		{853C6EF5-8ACD-40BB-A703-00E8403005BE}.Release|Any CPU.ActiveCfg = Release|Any CPU
		{853C6EF5-8ACD-40BB-A703-00E8403005BE}.Release|Any CPU.Build.0 = Release|Any CPU
		{6CD08247-691C-4A2D-A576-B57A774835C9}.Debug|Any CPU.ActiveCfg = Debug|Any CPU
		{6CD08247-691C-4A2D-A576-B57A774835C9}.Debug|Any CPU.Build.0 = Debug|Any CPU
		{6CD08247-691C-4A2D-A576-B57A774835C9}.Release|Any CPU.ActiveCfg = Release|Any CPU
		{6CD08247-691C-4A2D-A576-B57A774835C9}.Release|Any CPU.Build.0 = Release|Any CPU
		{3FF96C5A-6139-4D6B-91D1-B24D4EC11F62}.Debug|Any CPU.ActiveCfg = Debug|Any CPU
		{3FF96C5A-6139-4D6B-91D1-B24D4EC11F62}.Debug|Any CPU.Build.0 = Debug|Any CPU
		{3FF96C5A-6139-4D6B-91D1-B24D4EC11F62}.Release|Any CPU.ActiveCfg = Release|Any CPU
		{3FF96C5A-6139-4D6B-91D1-B24D4EC11F62}.Release|Any CPU.Build.0 = Release|Any CPU
		{CD56BE5D-BFC7-4559-B6C2-4B2E29A680CE}.Debug|Any CPU.ActiveCfg = Debug|Any CPU
		{CD56BE5D-BFC7-4559-B6C2-4B2E29A680CE}.Debug|Any CPU.Build.0 = Debug|Any CPU
		{CD56BE5D-BFC7-4559-B6C2-4B2E29A680CE}.Release|Any CPU.ActiveCfg = Release|Any CPU
		{CD56BE5D-BFC7-4559-B6C2-4B2E29A680CE}.Release|Any CPU.Build.0 = Release|Any CPU
		{98964954-C8A2-4F2D-88D3-426077A99249}.Debug|Any CPU.ActiveCfg = Debug|Any CPU
		{98964954-C8A2-4F2D-88D3-426077A99249}.Debug|Any CPU.Build.0 = Debug|Any CPU
		{98964954-C8A2-4F2D-88D3-426077A99249}.Release|Any CPU.ActiveCfg = Release|Any CPU
		{98964954-C8A2-4F2D-88D3-426077A99249}.Release|Any CPU.Build.0 = Release|Any CPU
	EndGlobalSection
	GlobalSection(SolutionProperties) = preSolution
		HideSolutionNode = FALSE
	EndGlobalSection
	GlobalSection(NestedProjects) = preSolution
		{A98FD113-1E24-4D07-806F-A07E57B2D435} = {A983FF34-8B99-4B4A-B1D3-08985BE0634A}
		{ED6B939A-4553-49DE-AAE5-586498BF2A52} = {A983FF34-8B99-4B4A-B1D3-08985BE0634A}
		{D5AEA214-EA84-4180-AACA-BEC5D41BF5B0} = {A983FF34-8B99-4B4A-B1D3-08985BE0634A}
		{EF153C38-B878-407D-B0D2-05E0F7BE9DF3} = {ED6B939A-4553-49DE-AAE5-586498BF2A52}
		{92DFD8DA-93E7-4D2B-ACF3-28831E715233} = {D5AEA214-EA84-4180-AACA-BEC5D41BF5B0}
		{0FEE1723-8A7D-40B6-9098-CA59B72E0544} = {D5AEA214-EA84-4180-AACA-BEC5D41BF5B0}
		{EE57AEEC-E22C-4315-A78D-93B543111E53} = {D5AEA214-EA84-4180-AACA-BEC5D41BF5B0}
		{853C6EF5-8ACD-40BB-A703-00E8403005BE} = {A98FD113-1E24-4D07-806F-A07E57B2D435}
		{101CA5F8-C39E-4D20-8BDA-89F592FA46B1} = {A983FF34-8B99-4B4A-B1D3-08985BE0634A}
		{6CD08247-691C-4A2D-A576-B57A774835C9} = {101CA5F8-C39E-4D20-8BDA-89F592FA46B1}
	EndGlobalSection
	GlobalSection(ExtensibilityGlobals) = postSolution
		SolutionGuid = {8679F287-26E4-4ED6-9EA3-50CAA0A71CF4}
	EndGlobalSection
EndGlobal
